// !$*UTF8*$!
{
	archiveVersion = 1;
	classes = {
	};
	objectVersion = 77;
	objects = {

/* Begin PBXBuildFile section */
		029201F52DC58D02007C935D /* Lottie in Frameworks */ = {isa = PBXBuildFile; productRef = 029201F42DC58D02007C935D /* Lottie */; };
		02D0CF362DCC3F45001F69E7 /* Extension.swift in Sources */ = {isa = PBXBuildFile; fileRef = 02D0CF182DCC3F45001F69E7 /* Extension.swift */; };
		02D0CF372DCC3F45001F69E7 /* Weather.swift in Sources */ = {isa = PBXBuildFile; fileRef = 02D0CF1A2DCC3F45001F69E7 /* Weather.swift */; };
		02D0CF382DCC3F45001F69E7 /* APIConfig.swift in Sources */ = {isa = PBXBuildFile; fileRef = 02D0CF252DCC3F45001F69E7 /* APIConfig.swift */; };
		02D0CF392DCC3F45001F69E7 /* WeatherScene.swift in Sources */ = {isa = PBXBuildFile; fileRef = 02D0CF282DCC3F45001F69E7 /* WeatherScene.swift */; };
		02D0CF3A2DCC3F45001F69E7 /* LocationManager.swift in Sources */ = {isa = PBXBuildFile; fileRef = 02D0CF2A2DCC3F45001F69E7 /* LocationManager.swift */; };
		02D0CF3B2DCC3F45001F69E7 /* WeatherService.swift in Sources */ = {isa = PBXBuildFile; fileRef = 02D0CF2B2DCC3F45001F69E7 /* WeatherService.swift */; };
		02D0CF3C2DCC3F45001F69E7 /* WeatherViewModel.swift in Sources */ = {isa = PBXBuildFile; fileRef = 02D0CF2D2DCC3F45001F69E7 /* WeatherViewModel.swift */; };
		02D0CF3D2DCC3F45001F69E7 /* HomeView.swift in Sources */ = {isa = PBXBuildFile; fileRef = 02D0CF2F2DCC3F45001F69E7 /* HomeView.swift */; };
		02D0CF3E2DCC3F45001F69E7 /* WeatherAppApp.swift in Sources */ = {isa = PBXBuildFile; fileRef = 02D0CF302DCC3F45001F69E7 /* WeatherAppApp.swift */; };
		02D0CF3F2DCC3F45001F69E7 /* BackGroundView.swift in Sources */ = {isa = PBXBuildFile; fileRef = 02D0CF312DCC3F45001F69E7 /* BackGroundView.swift */; };
		02D0CF402DCC3F45001F69E7 /* Fog.sks in Resources */ = {isa = PBXBuildFile; fileRef = 02D0CF1C2DCC3F45001F69E7 /* Fog.sks */; };
		02D0CF412DCC3F45001F69E7 /* Rain.sks in Resources */ = {isa = PBXBuildFile; fileRef = 02D0CF1D2DCC3F45001F69E7 /* Rain.sks */; };
		02D0CF422DCC3F45001F69E7 /* Snow.sks in Resources */ = {isa = PBXBuildFile; fileRef = 02D0CF1E2DCC3F45001F69E7 /* Snow.sks */; };
		02D0CF432DCC3F45001F69E7 /* Sun.sks in Resources */ = {isa = PBXBuildFile; fileRef = 02D0CF1F2DCC3F45001F69E7 /* Sun.sks */; };
		02D0CF442DCC3F45001F69E7 /* Thunder.sks in Resources */ = {isa = PBXBuildFile; fileRef = 02D0CF202DCC3F45001F69E7 /* Thunder.sks */; };
		02D0CF452DCC3F45001F69E7 /* Preview Assets.xcassets in Resources */ = {isa = PBXBuildFile; fileRef = 02D0CF222DCC3F45001F69E7 /* Preview Assets.xcassets */; };
		02D0CF462DCC3F45001F69E7 /* APIConfig.json in Resources */ = {isa = PBXBuildFile; fileRef = 02D0CF242DCC3F45001F69E7 /* APIConfig.json */; };
		02D0CF482DCC3F45001F69E7 /* .gitignore in Resources */ = {isa = PBXBuildFile; fileRef = 02D0CF332DCC3F45001F69E7 /* .gitignore */; };
		02D0CF492DCC3F45001F69E7 /* Assets.xcassets in Resources */ = {isa = PBXBuildFile; fileRef = 02D0CF342DCC3F45001F69E7 /* Assets.xcassets */; };
/* End PBXBuildFile section */

/* Begin PBXFileReference section */
		02A349CB2DC1C3E500DB8F8E /* WeatherApp.app */ = {isa = PBXFileReference; explicitFileType = wrapper.application; includeInIndex = 0; path = WeatherApp.app; sourceTree = BUILT_PRODUCTS_DIR; };
		02D0CF182DCC3F45001F69E7 /* Extension.swift */ = {isa = PBXFileReference; lastKnownFileType = sourcecode.swift; path = Extension.swift; sourceTree = "<group>"; };
		02D0CF1A2DCC3F45001F69E7 /* Weather.swift */ = {isa = PBXFileReference; lastKnownFileType = sourcecode.swift; path = Weather.swift; sourceTree = "<group>"; };
		02D0CF1C2DCC3F45001F69E7 /* Fog.sks */ = {isa = PBXFileReference; lastKnownFileType = file.sks; path = Fog.sks; sourceTree = "<group>"; };
		02D0CF1D2DCC3F45001F69E7 /* Rain.sks */ = {isa = PBXFileReference; lastKnownFileType = file.sks; path = Rain.sks; sourceTree = "<group>"; };
		02D0CF1E2DCC3F45001F69E7 /* Snow.sks */ = {isa = PBXFileReference; lastKnownFileType = file.sks; path = Snow.sks; sourceTree = "<group>"; };
		02D0CF1F2DCC3F45001F69E7 /* Sun.sks */ = {isa = PBXFileReference; lastKnownFileType = file.sks; path = Sun.sks; sourceTree = "<group>"; };
		02D0CF202DCC3F45001F69E7 /* Thunder.sks */ = {isa = PBXFileReference; lastKnownFileType = file.sks; path = Thunder.sks; sourceTree = "<group>"; };
		02D0CF222DCC3F45001F69E7 /* Preview Assets.xcassets */ = {isa = PBXFileReference; lastKnownFileType = folder.assetcatalog; path = "Preview Assets.xcassets"; sourceTree = "<group>"; };
		02D0CF242DCC3F45001F69E7 /* APIConfig.json */ = {isa = PBXFileReference; lastKnownFileType = text.json; path = APIConfig.json; sourceTree = "<group>"; };
		02D0CF252DCC3F45001F69E7 /* APIConfig.swift */ = {isa = PBXFileReference; lastKnownFileType = sourcecode.swift; path = APIConfig.swift; sourceTree = "<group>"; };
		02D0CF262DCC3F45001F69E7 /* Info.plist */ = {isa = PBXFileReference; lastKnownFileType = text.plist.xml; path = Info.plist; sourceTree = "<group>"; };
		02D0CF282DCC3F45001F69E7 /* WeatherScene.swift */ = {isa = PBXFileReference; lastKnownFileType = sourcecode.swift; path = WeatherScene.swift; sourceTree = "<group>"; };
		02D0CF2A2DCC3F45001F69E7 /* LocationManager.swift */ = {isa = PBXFileReference; lastKnownFileType = sourcecode.swift; path = LocationManager.swift; sourceTree = "<group>"; };
		02D0CF2B2DCC3F45001F69E7 /* WeatherService.swift */ = {isa = PBXFileReference; lastKnownFileType = sourcecode.swift; path = WeatherService.swift; sourceTree = "<group>"; };
		02D0CF2D2DCC3F45001F69E7 /* WeatherViewModel.swift */ = {isa = PBXFileReference; lastKnownFileType = sourcecode.swift; path = WeatherViewModel.swift; sourceTree = "<group>"; };
		02D0CF2F2DCC3F45001F69E7 /* HomeView.swift */ = {isa = PBXFileReference; lastKnownFileType = sourcecode.swift; path = HomeView.swift; sourceTree = "<group>"; };
		02D0CF302DCC3F45001F69E7 /* WeatherAppApp.swift */ = {isa = PBXFileReference; lastKnownFileType = sourcecode.swift; path = WeatherAppApp.swift; sourceTree = "<group>"; };
		02D0CF312DCC3F45001F69E7 /* BackGroundView.swift */ = {isa = PBXFileReference; lastKnownFileType = sourcecode.swift; path = BackGroundView.swift; sourceTree = "<group>"; };
		02D0CF332DCC3F45001F69E7 /* .gitignore */ = {isa = PBXFileReference; lastKnownFileType = text; path = .gitignore; sourceTree = "<group>"; };
		02D0CF342DCC3F45001F69E7 /* Assets.xcassets */ = {isa = PBXFileReference; lastKnownFileType = folder.assetcatalog; path = Assets.xcassets; sourceTree = "<group>"; };
/* End PBXFileReference section */

/* Begin PBXFrameworksBuildPhase section */
		02A349C82DC1C3E500DB8F8E /* Frameworks */ = {
			isa = PBXFrameworksBuildPhase;
			buildActionMask = 2147483647;
			files = (
				029201F52DC58D02007C935D /* Lottie in Frameworks */,
			);
			runOnlyForDeploymentPostprocessing = 0;
		};
/* End PBXFrameworksBuildPhase section */

/* Begin PBXGroup section */
		02A349C22DC1C3E500DB8F8E = {
			isa = PBXGroup;
			children = (
				02A349CC2DC1C3E500DB8F8E /* Products */,
				02D0CF352DCC3F45001F69E7 /* WeatherApp */,
			);
			sourceTree = "<group>";
		};
		02A349CC2DC1C3E500DB8F8E /* Products */ = {
			isa = PBXGroup;
			children = (
				02A349CB2DC1C3E500DB8F8E /* WeatherApp.app */,
			);
			name = Products;
			sourceTree = "<group>";
		};
		02D0CF192DCC3F45001F69E7 /* Extensions */ = {
			isa = PBXGroup;
			children = (
				02D0CF182DCC3F45001F69E7 /* Extension.swift */,
			);
			path = Extensions;
			sourceTree = "<group>";
		};
		02D0CF1B2DCC3F45001F69E7 /* Model */ = {
			isa = PBXGroup;
			children = (
				02D0CF1A2DCC3F45001F69E7 /* Weather.swift */,
			);
			path = Model;
			sourceTree = "<group>";
		};
		02D0CF212DCC3F45001F69E7 /* Particles */ = {
			isa = PBXGroup;
			children = (
				02D0CF1C2DCC3F45001F69E7 /* Fog.sks */,
				02D0CF1D2DCC3F45001F69E7 /* Rain.sks */,
				02D0CF1E2DCC3F45001F69E7 /* Snow.sks */,
				02D0CF1F2DCC3F45001F69E7 /* Sun.sks */,
				02D0CF202DCC3F45001F69E7 /* Thunder.sks */,
			);
			path = Particles;
			sourceTree = "<group>";
		};
		02D0CF232DCC3F45001F69E7 /* Preview Content */ = {
			isa = PBXGroup;
			children = (
				02D0CF222DCC3F45001F69E7 /* Preview Assets.xcassets */,
			);
			path = "Preview Content";
			sourceTree = "<group>";
		};
		02D0CF272DCC3F45001F69E7 /* Resources */ = {
			isa = PBXGroup;
			children = (
				02D0CF242DCC3F45001F69E7 /* APIConfig.json */,
				02D0CF252DCC3F45001F69E7 /* APIConfig.swift */,
				02D0CF262DCC3F45001F69E7 /* Info.plist */,
			);
			path = Resources;
			sourceTree = "<group>";
		};
		02D0CF292DCC3F45001F69E7 /* Scenes */ = {
			isa = PBXGroup;
			children = (
				02D0CF282DCC3F45001F69E7 /* WeatherScene.swift */,
			);
			path = Scenes;
			sourceTree = "<group>";
		};
		02D0CF2C2DCC3F45001F69E7 /* Services */ = {
			isa = PBXGroup;
			children = (
				02D0CF2A2DCC3F45001F69E7 /* LocationManager.swift */,
				02D0CF2B2DCC3F45001F69E7 /* WeatherService.swift */,
			);
			path = Services;
			sourceTree = "<group>";
		};
		02D0CF2E2DCC3F45001F69E7 /* ViewModels */ = {
			isa = PBXGroup;
			children = (
				02D0CF2D2DCC3F45001F69E7 /* WeatherViewModel.swift */,
			);
			path = ViewModels;
			sourceTree = "<group>";
		};
		02D0CF322DCC3F45001F69E7 /* Views */ = {
			isa = PBXGroup;
			children = (
				02D0CF2F2DCC3F45001F69E7 /* HomeView.swift */,
				02D0CF302DCC3F45001F69E7 /* WeatherAppApp.swift */,
				02D0CF312DCC3F45001F69E7 /* BackGroundView.swift */,
			);
			path = Views;
			sourceTree = "<group>";
		};
		02D0CF352DCC3F45001F69E7 /* WeatherApp */ = {
			isa = PBXGroup;
			children = (
				02D0CF1B2DCC3F45001F69E7 /* Model */,
				02D0CF2E2DCC3F45001F69E7 /* ViewModels */,
				02D0CF322DCC3F45001F69E7 /* Views */,
				02D0CF2C2DCC3F45001F69E7 /* Services */,
				02D0CF192DCC3F45001F69E7 /* Extensions */,
				02D0CF212DCC3F45001F69E7 /* Particles */,
				02D0CF272DCC3F45001F69E7 /* Resources */,
				02D0CF292DCC3F45001F69E7 /* Scenes */,
				02D0CF232DCC3F45001F69E7 /* Preview Content */,
				02D0CF332DCC3F45001F69E7 /* .gitignore */,
				02D0CF342DCC3F45001F69E7 /* Assets.xcassets */,
			);
			path = WeatherApp;
			sourceTree = "<group>";
		};
/* End PBXGroup section */

/* Begin PBXNativeTarget section */
		02A349CA2DC1C3E500DB8F8E /* WeatherApp */ = {
			isa = PBXNativeTarget;
			buildConfigurationList = 02A349D92DC1C3E700DB8F8E /* Build configuration list for PBXNativeTarget "WeatherApp" */;
			buildPhases = (
				02A349C72DC1C3E500DB8F8E /* Sources */,
				02A349C82DC1C3E500DB8F8E /* Frameworks */,
				02A349C92DC1C3E500DB8F8E /* Resources */,
			);
			buildRules = (
			);
			dependencies = (
			);
			name = WeatherApp;
			packageProductDependencies = (
				029201F42DC58D02007C935D /* Lottie */,
			);
			productName = WeatherApp;
			productReference = 02A349CB2DC1C3E500DB8F8E /* WeatherApp.app */;
			productType = "com.apple.product-type.application";
		};
/* End PBXNativeTarget section */

/* Begin PBXProject section */
		02A349C32DC1C3E500DB8F8E /* Project object */ = {
			isa = PBXProject;
			attributes = {
				BuildIndependentTargetsInParallel = 1;
				LastSwiftUpdateCheck = 1620;
				LastUpgradeCheck = 1620;
				TargetAttributes = {
					02A349CA2DC1C3E500DB8F8E = {
						CreatedOnToolsVersion = 16.2;
					};
				};
			};
			buildConfigurationList = 02A349C62DC1C3E500DB8F8E /* Build configuration list for PBXProject "WeatherApp" */;
			developmentRegion = en;
			hasScannedForEncodings = 0;
			knownRegions = (
				en,
				Base,
			);
			mainGroup = 02A349C22DC1C3E500DB8F8E;
			minimizedProjectReferenceProxies = 1;
			packageReferences = (
				029201F32DC58D02007C935D /* XCRemoteSwiftPackageReference "lottie-ios" */,
			);
			preferredProjectObjectVersion = 77;
			productRefGroup = 02A349CC2DC1C3E500DB8F8E /* Products */;
			projectDirPath = "";
			projectRoot = "";
			targets = (
				02A349CA2DC1C3E500DB8F8E /* WeatherApp */,
			);
		};
/* End PBXProject section */

/* Begin PBXResourcesBuildPhase section */
		02A349C92DC1C3E500DB8F8E /* Resources */ = {
			isa = PBXResourcesBuildPhase;
			buildActionMask = 2147483647;
			files = (
				02D0CF402DCC3F45001F69E7 /* Fog.sks in Resources */,
				02D0CF412DCC3F45001F69E7 /* Rain.sks in Resources */,
				02D0CF422DCC3F45001F69E7 /* Snow.sks in Resources */,
				02D0CF432DCC3F45001F69E7 /* Sun.sks in Resources */,
				02D0CF442DCC3F45001F69E7 /* Thunder.sks in Resources */,
				02D0CF452DCC3F45001F69E7 /* Preview Assets.xcassets in Resources */,
				02D0CF462DCC3F45001F69E7 /* APIConfig.json in Resources */,
				02D0CF482DCC3F45001F69E7 /* .gitignore in Resources */,
				02D0CF492DCC3F45001F69E7 /* Assets.xcassets in Resources */,
			);
			runOnlyForDeploymentPostprocessing = 0;
		};
/* End PBXResourcesBuildPhase section */

/* Begin PBXSourcesBuildPhase section */
		02A349C72DC1C3E500DB8F8E /* Sources */ = {
			isa = PBXSourcesBuildPhase;
			buildActionMask = 2147483647;
			files = (
				02D0CF362DCC3F45001F69E7 /* Extension.swift in Sources */,
				02D0CF372DCC3F45001F69E7 /* Weather.swift in Sources */,
				02D0CF382DCC3F45001F69E7 /* APIConfig.swift in Sources */,
				02D0CF392DCC3F45001F69E7 /* WeatherScene.swift in Sources */,
				02D0CF3A2DCC3F45001F69E7 /* LocationManager.swift in Sources */,
				02D0CF3B2DCC3F45001F69E7 /* WeatherService.swift in Sources */,
				02D0CF3C2DCC3F45001F69E7 /* WeatherViewModel.swift in Sources */,
				02D0CF3D2DCC3F45001F69E7 /* HomeView.swift in Sources */,
				02D0CF3E2DCC3F45001F69E7 /* WeatherAppApp.swift in Sources */,
				02D0CF3F2DCC3F45001F69E7 /* BackGroundView.swift in Sources */,
			);
			runOnlyForDeploymentPostprocessing = 0;
		};
/* End PBXSourcesBuildPhase section */

/* Begin XCBuildConfiguration section */
		02A349D72DC1C3E700DB8F8E /* Debug */ = {
			isa = XCBuildConfiguration;
			buildSettings = {
				ALWAYS_SEARCH_USER_PATHS = NO;
				ASSETCATALOG_COMPILER_GENERATE_SWIFT_ASSET_SYMBOL_EXTENSIONS = YES;
				CLANG_ANALYZER_NONNULL = YES;
				CLANG_ANALYZER_NUMBER_OBJECT_CONVERSION = YES_AGGRESSIVE;
				CLANG_CXX_LANGUAGE_STANDARD = "gnu++20";
				CLANG_ENABLE_MODULES = YES;
				CLANG_ENABLE_OBJC_ARC = YES;
				CLANG_ENABLE_OBJC_WEAK = YES;
				CLANG_WARN_BLOCK_CAPTURE_AUTORELEASING = YES;
				CLANG_WARN_BOOL_CONVERSION = YES;
				CLANG_WARN_COMMA = YES;
				CLANG_WARN_CONSTANT_CONVERSION = YES;
				CLANG_WARN_DEPRECATED_OBJC_IMPLEMENTATIONS = YES;
				CLANG_WARN_DIRECT_OBJC_ISA_USAGE = YES_ERROR;
				CLANG_WARN_DOCUMENTATION_COMMENTS = YES;
				CLANG_WARN_EMPTY_BODY = YES;
				CLANG_WARN_ENUM_CONVERSION = YES;
				CLANG_WARN_INFINITE_RECURSION = YES;
				CLANG_WARN_INT_CONVERSION = YES;
				CLANG_WARN_NON_LITERAL_NULL_CONVERSION = YES;
				CLANG_WARN_OBJC_IMPLICIT_RETAIN_SELF = YES;
				CLANG_WARN_OBJC_LITERAL_CONVERSION = YES;
				CLANG_WARN_OBJC_ROOT_CLASS = YES_ERROR;
				CLANG_WARN_QUOTED_INCLUDE_IN_FRAMEWORK_HEADER = YES;
				CLANG_WARN_RANGE_LOOP_ANALYSIS = YES;
				CLANG_WARN_STRICT_PROTOTYPES = YES;
				CLANG_WARN_SUSPICIOUS_MOVE = YES;
				CLANG_WARN_UNGUARDED_AVAILABILITY = YES_AGGRESSIVE;
				CLANG_WARN_UNREACHABLE_CODE = YES;
				CLANG_WARN__DUPLICATE_METHOD_MATCH = YES;
				COPY_PHASE_STRIP = NO;
				DEBUG_INFORMATION_FORMAT = dwarf;
				ENABLE_STRICT_OBJC_MSGSEND = YES;
				ENABLE_TESTABILITY = YES;
				ENABLE_USER_SCRIPT_SANDBOXING = YES;
				GCC_C_LANGUAGE_STANDARD = gnu17;
				GCC_DYNAMIC_NO_PIC = NO;
				GCC_NO_COMMON_BLOCKS = YES;
				GCC_OPTIMIZATION_LEVEL = 0;
				GCC_PREPROCESSOR_DEFINITIONS = (
					"DEBUG=1",
					"$(inherited)",
				);
				GCC_WARN_64_TO_32_BIT_CONVERSION = YES;
				GCC_WARN_ABOUT_RETURN_TYPE = YES_ERROR;
				GCC_WARN_UNDECLARED_SELECTOR = YES;
				GCC_WARN_UNINITIALIZED_AUTOS = YES_AGGRESSIVE;
				GCC_WARN_UNUSED_FUNCTION = YES;
				GCC_WARN_UNUSED_VARIABLE = YES;
				IPHONEOS_DEPLOYMENT_TARGET = 18.2;
				LOCALIZATION_PREFERS_STRING_CATALOGS = YES;
				MTL_ENABLE_DEBUG_INFO = INCLUDE_SOURCE;
				MTL_FAST_MATH = YES;
				ONLY_ACTIVE_ARCH = YES;
				SDKROOT = iphoneos;
				SWIFT_ACTIVE_COMPILATION_CONDITIONS = "DEBUG $(inherited)";
				SWIFT_OPTIMIZATION_LEVEL = "-Onone";
			};
			name = Debug;
		};
		02A349D82DC1C3E700DB8F8E /* Release */ = {
			isa = XCBuildConfiguration;
			buildSettings = {
				ALWAYS_SEARCH_USER_PATHS = NO;
				ASSETCATALOG_COMPILER_GENERATE_SWIFT_ASSET_SYMBOL_EXTENSIONS = YES;
				CLANG_ANALYZER_NONNULL = YES;
				CLANG_ANALYZER_NUMBER_OBJECT_CONVERSION = YES_AGGRESSIVE;
				CLANG_CXX_LANGUAGE_STANDARD = "gnu++20";
				CLANG_ENABLE_MODULES = YES;
				CLANG_ENABLE_OBJC_ARC = YES;
				CLANG_ENABLE_OBJC_WEAK = YES;
				CLANG_WARN_BLOCK_CAPTURE_AUTORELEASING = YES;
				CLANG_WARN_BOOL_CONVERSION = YES;
				CLANG_WARN_COMMA = YES;
				CLANG_WARN_CONSTANT_CONVERSION = YES;
				CLANG_WARN_DEPRECATED_OBJC_IMPLEMENTATIONS = YES;
				CLANG_WARN_DIRECT_OBJC_ISA_USAGE = YES_ERROR;
				CLANG_WARN_DOCUMENTATION_COMMENTS = YES;
				CLANG_WARN_EMPTY_BODY = YES;
				CLANG_WARN_ENUM_CONVERSION = YES;
				CLANG_WARN_INFINITE_RECURSION = YES;
				CLANG_WARN_INT_CONVERSION = YES;
				CLANG_WARN_NON_LITERAL_NULL_CONVERSION = YES;
				CLANG_WARN_OBJC_IMPLICIT_RETAIN_SELF = YES;
				CLANG_WARN_OBJC_LITERAL_CONVERSION = YES;
				CLANG_WARN_OBJC_ROOT_CLASS = YES_ERROR;
				CLANG_WARN_QUOTED_INCLUDE_IN_FRAMEWORK_HEADER = YES;
				CLANG_WARN_RANGE_LOOP_ANALYSIS = YES;
				CLANG_WARN_STRICT_PROTOTYPES = YES;
				CLANG_WARN_SUSPICIOUS_MOVE = YES;
				CLANG_WARN_UNGUARDED_AVAILABILITY = YES_AGGRESSIVE;
				CLANG_WARN_UNREACHABLE_CODE = YES;
				CLANG_WARN__DUPLICATE_METHOD_MATCH = YES;
				COPY_PHASE_STRIP = NO;
				DEBUG_INFORMATION_FORMAT = "dwarf-with-dsym";
				ENABLE_NS_ASSERTIONS = NO;
				ENABLE_STRICT_OBJC_MSGSEND = YES;
				ENABLE_USER_SCRIPT_SANDBOXING = YES;
				GCC_C_LANGUAGE_STANDARD = gnu17;
				GCC_NO_COMMON_BLOCKS = YES;
				GCC_WARN_64_TO_32_BIT_CONVERSION = YES;
				GCC_WARN_ABOUT_RETURN_TYPE = YES_ERROR;
				GCC_WARN_UNDECLARED_SELECTOR = YES;
				GCC_WARN_UNINITIALIZED_AUTOS = YES_AGGRESSIVE;
				GCC_WARN_UNUSED_FUNCTION = YES;
				GCC_WARN_UNUSED_VARIABLE = YES;
				IPHONEOS_DEPLOYMENT_TARGET = 18.2;
				LOCALIZATION_PREFERS_STRING_CATALOGS = YES;
				MTL_ENABLE_DEBUG_INFO = NO;
				MTL_FAST_MATH = YES;
				SDKROOT = iphoneos;
				SWIFT_COMPILATION_MODE = wholemodule;
				VALIDATE_PRODUCT = YES;
			};
			name = Release;
		};
		02A349DA2DC1C3E700DB8F8E /* Debug */ = {
			isa = XCBuildConfiguration;
			buildSettings = {
				ASSETCATALOG_COMPILER_APPICON_NAME = AppIcon;
				ASSETCATALOG_COMPILER_GLOBAL_ACCENT_COLOR_NAME = AccentColor;
				CODE_SIGN_STYLE = Automatic;
				CURRENT_PROJECT_VERSION = 1;
				DEVELOPMENT_ASSET_PATHS = "\"WeatherApp/Preview Content\"";
				DEVELOPMENT_TEAM = N9S227CVZ4;
				ENABLE_PREVIEWS = YES;
				GENERATE_INFOPLIST_FILE = YES;
				INFOPLIST_FILE = WeatherApp/Info.plist;
				INFOPLIST_KEY_NSLocationWhenInUseUsageDescription = "The app needs access to your current location";
				INFOPLIST_KEY_UIApplicationSceneManifest_Generation = YES;
				INFOPLIST_KEY_UIApplicationSupportsIndirectInputEvents = YES;
				INFOPLIST_KEY_UILaunchScreen_Generation = YES;
				INFOPLIST_KEY_UISupportedInterfaceOrientations_iPad = "UIInterfaceOrientationPortrait UIInterfaceOrientationPortraitUpsideDown UIInterfaceOrientationLandscapeLeft UIInterfaceOrientationLandscapeRight";
				INFOPLIST_KEY_UISupportedInterfaceOrientations_iPhone = "UIInterfaceOrientationPortrait UIInterfaceOrientationLandscapeLeft UIInterfaceOrientationLandscapeRight";
				LD_RUNPATH_SEARCH_PATHS = (
					"$(inherited)",
					"@executable_path/Frameworks",
				);
				MARKETING_VERSION = 1.0;
				PRODUCT_BUNDLE_IDENTIFIER = com.steve.malistella.WeatherApp;
				PRODUCT_NAME = "$(TARGET_NAME)";
				SWIFT_EMIT_LOC_STRINGS = YES;
				SWIFT_VERSION = 5.0;
				TARGETED_DEVICE_FAMILY = "1,2";
			};
			name = Debug;
		};
		02A349DB2DC1C3E700DB8F8E /* Release */ = {
			isa = XCBuildConfiguration;
			buildSettings = {
				ASSETCATALOG_COMPILER_APPICON_NAME = AppIcon;
				ASSETCATALOG_COMPILER_GLOBAL_ACCENT_COLOR_NAME = AccentColor;
				CODE_SIGN_STYLE = Automatic;
				CURRENT_PROJECT_VERSION = 1;
				DEVELOPMENT_ASSET_PATHS = "\"WeatherApp/Preview Content\"";
				DEVELOPMENT_TEAM = N9S227CVZ4;
				ENABLE_PREVIEWS = YES;
				GENERATE_INFOPLIST_FILE = YES;
				INFOPLIST_FILE = WeatherApp/Info.plist;
				INFOPLIST_KEY_NSLocationWhenInUseUsageDescription = "The app needs access to your current location";
				INFOPLIST_KEY_UIApplicationSceneManifest_Generation = YES;
				INFOPLIST_KEY_UIApplicationSupportsIndirectInputEvents = YES;
				INFOPLIST_KEY_UILaunchScreen_Generation = YES;
				INFOPLIST_KEY_UISupportedInterfaceOrientations_iPad = "UIInterfaceOrientationPortrait UIInterfaceOrientationPortraitUpsideDown UIInterfaceOrientationLandscapeLeft UIInterfaceOrientationLandscapeRight";
				INFOPLIST_KEY_UISupportedInterfaceOrientations_iPhone = "UIInterfaceOrientationPortrait UIInterfaceOrientationLandscapeLeft UIInterfaceOrientationLandscapeRight";
				LD_RUNPATH_SEARCH_PATHS = (
					"$(inherited)",
					"@executable_path/Frameworks",
				);
				MARKETING_VERSION = 1.0;
				PRODUCT_BUNDLE_IDENTIFIER = com.steve.malistella.WeatherApp;
				PRODUCT_NAME = "$(TARGET_NAME)";
				SWIFT_EMIT_LOC_STRINGS = YES;
				SWIFT_VERSION = 5.0;
				TARGETED_DEVICE_FAMILY = "1,2";
			};
			name = Release;
		};
/* End XCBuildConfiguration section */

/* Begin XCConfigurationList section */
		02A349C62DC1C3E500DB8F8E /* Build configuration list for PBXProject "WeatherApp" */ = {
			isa = XCConfigurationList;
			buildConfigurations = (
				02A349D72DC1C3E700DB8F8E /* Debug */,
				02A349D82DC1C3E700DB8F8E /* Release */,
			);
			defaultConfigurationIsVisible = 0;
			defaultConfigurationName = Release;
		};
		02A349D92DC1C3E700DB8F8E /* Build configuration list for PBXNativeTarget "WeatherApp" */ = {
			isa = XCConfigurationList;
			buildConfigurations = (
				02A349DA2DC1C3E700DB8F8E /* Debug */,
				02A349DB2DC1C3E700DB8F8E /* Release */,
			);
			defaultConfigurationIsVisible = 0;
			defaultConfigurationName = Release;
		};
/* End XCConfigurationList section */

/* Begin XCRemoteSwiftPackageReference section */
		029201F32DC58D02007C935D /* XCRemoteSwiftPackageReference "lottie-ios" */ = {
			isa = XCRemoteSwiftPackageReference;
			repositoryURL = "https://github.com/airbnb/lottie-ios";
			requirement = {
				kind = upToNextMajorVersion;
				minimumVersion = 4.5.1;
			};
		};
/* End XCRemoteSwiftPackageReference section */

/* Begin XCSwiftPackageProductDependency section */
		029201F42DC58D02007C935D /* Lottie */ = {
			isa = XCSwiftPackageProductDependency;
			package = 029201F32DC58D02007C935D /* XCRemoteSwiftPackageReference "lottie-ios" */;
			productName = Lottie;
		};
/* End XCSwiftPackageProductDependency section */
	};
	rootObject = 02A349C32DC1C3E500DB8F8E /* Project object */;
}
